{
  "version": 4,
  "terraform_version": "1.14.5",
  "serial": 23,
  "lineage": "e5322c83-0012-ebc0-81dc-78016f436c1d",
  "outputs": {
    "vm_ip": {
      "value": "192.168.122.108",
      "type": "string"
    }
  },
  "resources": [
    {
      "mode": "managed",
      "type": "libvirt_cloudinit_disk",
      "name": "cloudinit",
      "provider": "provider[\"registry.terraform.io/dmacvicar/libvirt\"]",
      "instances": [
        {
          "schema_version": 0,
          "attributes": {
            "id": "/var/lib/libvirt/images/cloudinit.iso;14d54162-0a63-4d4e-9990-7c30d9d5d35b",
            "meta_data": "",
            "name": "cloudinit.iso",
            "network_config": "",
            "pool": "default",
            "user_data": "#cloud-config\nusers:\n  - name: devops\n    sudo: ALL=(ALL) NOPASSWD:ALL\n    shell: /bin/bash\n    ssh-authorized-keys:\n      - ssh-rsa AAAAB3NzaC1yc2EAAAADAQABAAACAQDLqMuDn7kMW9zgrR3o2VoZJQxHTrE7rb4+DTb1/u07ljzpX6XJkv58H9mPGIotv9fty8sYjjyIKxs2GwdjgEeEwxt5CGvmJ3PD+6mVMpoB4J2AZ+w5mf5+ZzBISZBpo0YtBEMshyifOVOl8qeqLOLD6xhctP27VHVR4m/9jh3TgxXGAI78p4ufgERRQ3aGY44bQPWGIF9gskyguJYcsFtgOTFUOsdjdwkSqGKir+WZBd4jBE/bFxKnHXC4qtHEBBamqQVBpRXAU7CKbyy7SSRmEZjD+P/xest4b3dFPzx4NxdodInJXjGRs/IKXft4s4L1gUjt4nocHCUiicTde6a3ly7LyEp6H7eZ/5OybmAi9VCmXKhhW+EUwMLQDilMlxsNSlfbwwp19DNLbJDLcGQdclq8NIDuZJ+PTg5jGlWKNxMwCW+vrBus/15nW3OAwY/JeeFpyX9ux54m0r5fWOXWlE2CrbPEg9DfHihUpnbTE3h/MCrWjeQqCn+9vG3iLubkQCcyX4/PP480d9KND9k3MEpxys7NvhNmnDFFbceku93QhFHRm6NJSGbLwon+6wkwqjqsKj3QsqZLJ11yln7pcfpFziPsaOOVQ0mXzbN/TdVQ2AoY9Qf5YtHnSySTP/DOpMpGHH9HA5vACUNXBV1p+hMUILMFcO+8sKF+GhokYw== brahmanya@Krishna\n\n\nssh_pwauth: false\ndisable_root: true\n"
          },
          "sensitive_attributes": [],
          "identity_schema_version": 0,
          "private": "bnVsbA=="
        }
      ]
    },
    {
      "mode": "managed",
      "type": "libvirt_domain",
      "name": "vm",
      "provider": "provider[\"registry.terraform.io/dmacvicar/libvirt\"]",
      "instances": [
        {
          "schema_version": 0,
          "attributes": {
            "arch": "x86_64",
            "autostart": false,
            "boot_device": [],
            "cloudinit": "/var/lib/libvirt/images/cloudinit.iso;14d54162-0a63-4d4e-9990-7c30d9d5d35b",
            "cmdline": [],
            "console": [],
            "coreos_ignition": null,
            "cpu": [
              {
                "mode": "custom"
              }
            ],
            "description": "",
            "disk": [
              {
                "block_device": "",
                "file": "",
                "scsi": false,
                "url": "",
                "volume_id": "/var/lib/libvirt/images/ubuntu-vm-disk.qcow2",
                "wwn": ""
              }
            ],
            "emulator": "/usr/bin/qemu-system-x86_64",
            "filesystem": [],
            "firmware": null,
            "fw_cfg_name": "opt/com.coreos/config",
            "graphics": [],
            "id": "c5a8403a-c466-4713-a845-79de187c553d",
            "initrd": "",
            "kernel": "",
            "machine": "pc",
            "memory": 2048,
            "metadata": null,
            "name": "automated-infra-vm",
            "network_interface": [
              {
                "addresses": [
                  "192.168.122.108"
                ],
                "bridge": "",
                "hostname": "automated-infra-vm",
                "mac": "52:54:00:E2:66:E0",
                "macvtap": "",
                "network_id": "52e0379e-d307-42b2-b079-d53baa5c1cba",
                "network_name": "default",
                "passthrough": "",
                "vepa": "",
                "wait_for_lease": true
              }
            ],
            "nvram": [],
            "qemu_agent": false,
            "running": true,
            "timeouts": null,
            "tpm": [],
            "type": "kvm",
            "vcpu": 2,
            "video": [],
            "xml": []
          },
          "sensitive_attributes": [],
          "identity_schema_version": 0,
          "private": "eyJlMmJmYjczMC1lY2FhLTExZTYtOGY4OC0zNDM2M2JjN2M0YzAiOnsiY3JlYXRlIjozMDAwMDAwMDAwMDB9fQ==",
          "dependencies": [
            "libvirt_cloudinit_disk.cloudinit",
            "libvirt_volume.ubuntu_image",
            "libvirt_volume.ubuntu_resized"
          ]
        }
      ]
    },
    {
      "mode": "managed",
      "type": "libvirt_volume",
      "name": "ubuntu_image",
      "provider": "provider[\"registry.terraform.io/dmacvicar/libvirt\"]",
      "instances": [
        {
          "schema_version": 0,
          "attributes": {
            "base_volume_id": null,
            "base_volume_name": null,
            "base_volume_pool": null,
            "format": "qcow2",
            "id": "/var/lib/libvirt/images/ubuntu-22.04.qcow2",
            "name": "ubuntu-22.04.qcow2",
            "pool": "default",
            "size": 2361393152,
            "source": "https://cloud-images.ubuntu.com/jammy/current/jammy-server-cloudimg-amd64.img",
            "xml": []
          },
          "sensitive_attributes": [],
          "identity_schema_version": 0,
          "private": "bnVsbA=="
        }
      ]
    },
    {
      "mode": "managed",
      "type": "libvirt_volume",
      "name": "ubuntu_resized",
      "provider": "provider[\"registry.terraform.io/dmacvicar/libvirt\"]",
      "instances": [
        {
          "schema_version": 0,
          "attributes": {
            "base_volume_id": "/var/lib/libvirt/images/ubuntu-22.04.qcow2",
            "base_volume_name": null,
            "base_volume_pool": null,
            "format": "qcow2",
            "id": "/var/lib/libvirt/images/ubuntu-vm-disk.qcow2",
            "name": "ubuntu-vm-disk.qcow2",
            "pool": "default",
            "size": 21474836480,
            "source": null,
            "xml": []
          },
          "sensitive_attributes": [],
          "identity_schema_version": 0,
          "private": "bnVsbA==",
          "dependencies": [
            "libvirt_volume.ubuntu_image"
          ]
        }
      ]
    }
  ],
  "check_results": null
}
